
Microsoft Visual Studio Solution File, Format Version 10.00
# Visual Studio 2008
Project("{8BC9CEB8-8B4A-11D0-8D11-00A0C91BC942}") = "gstreamer", "gstreamer.vcproj", "{5DDC2ADD-7433-406E-9464-5F9752F219DE}"
	ProjectSection(ProjectDependencies) = postProject
		{DBEFB320-F8A8-4B22-81B7-84DBC5072E6D} = {DBEFB320-F8A8-4B22-81B7-84DBC5072E6D}
		{A3650325-2B59-4B45-B7DB-AD4FB738469F} = {A3650325-2B59-4B45-B7DB-AD4FB738469F}
		{03813C4E-6A2C-438F-913A-525BC0D6A804} = {03813C4E-6A2C-438F-913A-525BC0D6A804}
		{9C958451-8F2E-48E2-BD8F-6BDD56914F50} = {9C958451-8F2E-48E2-BD8F-6BDD56914F50}
		{9DFD6953-4402-43E7-A14B-822E4FC76085} = {9DFD6953-4402-43E7-A14B-822E4FC76085}
		{74639485-16D8-43B9-BB74-208FD98655EA} = {74639485-16D8-43B9-BB74-208FD98655EA}
		{1BC897A0-A8AE-460B-B60D-972280235F9D} = {1BC897A0-A8AE-460B-B60D-972280235F9D}
		{D03A4DD1-902E-4128-8CEB-034A88F40385} = {D03A4DD1-902E-4128-8CEB-034A88F40385}
		{BFAF1EE7-AB5A-4D5A-8D01-FE9B237BE930} = {BFAF1EE7-AB5A-4D5A-8D01-FE9B237BE930}
		{FA632DF0-2E9D-474E-83DF-D756036A547E} = {FA632DF0-2E9D-474E-83DF-D756036A547E}
	EndProjectSection
EndProject
Project("{8BC9CEB8-8B4A-11D0-8D11-00A0C91BC942}") = "gstcoreelements", "gstcoreelements.vcproj", "{CC5E64ED-B830-4248-A287-E59B0712068C}"
	ProjectSection(ProjectDependencies) = postProject
		{5DDC2ADD-7433-406E-9464-5F9752F219DE} = {5DDC2ADD-7433-406E-9464-5F9752F219DE}
	EndProjectSection
EndProject
Project("{8BC9CEB8-8B4A-11D0-8D11-00A0C91BC942}") = "gstoggdec", "gstoggdec.vcproj", "{29A4EC3D-AC0B-4DBE-A891-7B099443B2BF}"
	ProjectSection(ProjectDependencies) = postProject
		{C658620F-8EE6-4C30-9DBB-3B1C17B1C1DB} = {C658620F-8EE6-4C30-9DBB-3B1C17B1C1DB}
		{6470A93F-742A-429D-A7FD-6EA700F82846} = {6470A93F-742A-429D-A7FD-6EA700F82846}
		{F57AE3C7-1EC1-436D-95F2-FFDC14637672} = {F57AE3C7-1EC1-436D-95F2-FFDC14637672}
		{5DDC2ADD-7433-406E-9464-5F9752F219DE} = {5DDC2ADD-7433-406E-9464-5F9752F219DE}
	EndProjectSection
EndProject
Project("{8BC9CEB8-8B4A-11D0-8D11-00A0C91BC942}") = "gstaudioresample", "gstaudioresample.vcproj", "{11F5F3BB-FA05-48B7-A285-9532C48B2831}"
	ProjectSection(ProjectDependencies) = postProject
		{5DDC2ADD-7433-406E-9464-5F9752F219DE} = {5DDC2ADD-7433-406E-9464-5F9752F219DE}
	EndProjectSection
EndProject
Project("{8BC9CEB8-8B4A-11D0-8D11-00A0C91BC942}") = "gsttypefindfunctions", "gsttypefindfunctions.vcproj", "{89824193-B485-44C0-8F6F-432CAAA2E859}"
	ProjectSection(ProjectDependencies) = postProject
		{5DDC2ADD-7433-406E-9464-5F9752F219DE} = {5DDC2ADD-7433-406E-9464-5F9752F219DE}
	EndProjectSection
EndProject
Project("{8BC9CEB8-8B4A-11D0-8D11-00A0C91BC942}") = "gstaudioconvert", "gstaudioconvert.vcproj", "{8191EDE0-B2DB-4E2E-B6F2-8FF1718E2E80}"
	ProjectSection(ProjectDependencies) = postProject
		{5DDC2ADD-7433-406E-9464-5F9752F219DE} = {5DDC2ADD-7433-406E-9464-5F9752F219DE}
	EndProjectSection
EndProject
Project("{8BC9CEB8-8B4A-11D0-8D11-00A0C91BC942}") = "gstdecodebin2", "gstdecodebin2.vcproj", "{779BD956-FC05-45AD-98E4-167A89515E63}"
	ProjectSection(ProjectDependencies) = postProject
		{5DDC2ADD-7433-406E-9464-5F9752F219DE} = {5DDC2ADD-7433-406E-9464-5F9752F219DE}
	EndProjectSection
EndProject
Project("{2150E333-8FDC-42A3-9474-1A3956D46DE8}") = "gst-plugins", "gst-plugins", "{9085D833-81C5-4670-BDA8-5638D3680E6E}"
EndProject
Project("{8BC9CEB8-8B4A-11D0-8D11-00A0C91BC942}") = "gstdirectsound", "gstdirectsound.vcproj", "{862C5375-D1B2-4A58-BA43-48100192035F}"
	ProjectSection(ProjectDependencies) = postProject
		{5DDC2ADD-7433-406E-9464-5F9752F219DE} = {5DDC2ADD-7433-406E-9464-5F9752F219DE}
	EndProjectSection
EndProject
Project("{8BC9CEB8-8B4A-11D0-8D11-00A0C91BC942}") = "gstffmpegcolorspace", "gstffmpegcolorspace.vcproj", "{14AE9E39-FC3B-4657-B396-21257FCB910F}"
	ProjectSection(ProjectDependencies) = postProject
		{5DDC2ADD-7433-406E-9464-5F9752F219DE} = {5DDC2ADD-7433-406E-9464-5F9752F219DE}
	EndProjectSection
EndProject
Project("{8BC9CEB8-8B4A-11D0-8D11-00A0C91BC942}") = "gstwavparse", "gstwavparse.vcproj", "{60475A5B-92B0-4B71-A266-59F1BD9B9D96}"
	ProjectSection(ProjectDependencies) = postProject
		{5DDC2ADD-7433-406E-9464-5F9752F219DE} = {5DDC2ADD-7433-406E-9464-5F9752F219DE}
	EndProjectSection
EndProject
Project("{8BC9CEB8-8B4A-11D0-8D11-00A0C91BC942}") = "libgstriff", "libgstriff.vcproj", "{DBEFB320-F8A8-4B22-81B7-84DBC5072E6D}"
	ProjectSection(ProjectDependencies) = postProject
		{BFAF1EE7-AB5A-4D5A-8D01-FE9B237BE930} = {BFAF1EE7-AB5A-4D5A-8D01-FE9B237BE930}
	EndProjectSection
EndProject
Project("{8BC9CEB8-8B4A-11D0-8D11-00A0C91BC942}") = "libgstaudio", "libgstaudio.vcproj", "{03813C4E-6A2C-438F-913A-525BC0D6A804}"
	ProjectSection(ProjectDependencies) = postProject
		{A3650325-2B59-4B45-B7DB-AD4FB738469F} = {A3650325-2B59-4B45-B7DB-AD4FB738469F}
	EndProjectSection
EndProject
Project("{8BC9CEB8-8B4A-11D0-8D11-00A0C91BC942}") = "libgstbase", "libgstbase.vcproj", "{A3650325-2B59-4B45-B7DB-AD4FB738469F}"
	ProjectSection(ProjectDependencies) = postProject
		{BFAF1EE7-AB5A-4D5A-8D01-FE9B237BE930} = {BFAF1EE7-AB5A-4D5A-8D01-FE9B237BE930}
	EndProjectSection
EndProject
Project("{8BC9CEB8-8B4A-11D0-8D11-00A0C91BC942}") = "libgstinterfaces", "libgstinterfaces.vcproj", "{1BC897A0-A8AE-460B-B60D-972280235F9D}"
	ProjectSection(ProjectDependencies) = postProject
		{BFAF1EE7-AB5A-4D5A-8D01-FE9B237BE930} = {BFAF1EE7-AB5A-4D5A-8D01-FE9B237BE930}
	EndProjectSection
EndProject
Project("{8BC9CEB8-8B4A-11D0-8D11-00A0C91BC942}") = "libgstreamer", "libgstreamer.vcproj", "{BFAF1EE7-AB5A-4D5A-8D01-FE9B237BE930}"
	ProjectSection(ProjectDependencies) = postProject
		{9DFD6953-4402-43E7-A14B-822E4FC76085} = {9DFD6953-4402-43E7-A14B-822E4FC76085}
		{74639485-16D8-43B9-BB74-208FD98655EA} = {74639485-16D8-43B9-BB74-208FD98655EA}
		{D03A4DD1-902E-4128-8CEB-034A88F40385} = {D03A4DD1-902E-4128-8CEB-034A88F40385}
		{FA632DF0-2E9D-474E-83DF-D756036A547E} = {FA632DF0-2E9D-474E-83DF-D756036A547E}
	EndProjectSection
EndProject
Project("{8BC9CEB8-8B4A-11D0-8D11-00A0C91BC942}") = "gthread", "gthread.vcproj", "{D03A4DD1-902E-4128-8CEB-034A88F40385}"
EndProject
Project("{8BC9CEB8-8B4A-11D0-8D11-00A0C91BC942}") = "gobject", "gobject.vcproj", "{9DFD6953-4402-43E7-A14B-822E4FC76085}"
EndProject
Project("{8BC9CEB8-8B4A-11D0-8D11-00A0C91BC942}") = "gmodule", "gmodule.vcproj", "{74639485-16D8-43B9-BB74-208FD98655EA}"
EndProject
Project("{8BC9CEB8-8B4A-11D0-8D11-00A0C91BC942}") = "glib", "glib.vcproj", "{FA632DF0-2E9D-474E-83DF-D756036A547E}"
EndProject
Project("{8BC9CEB8-8B4A-11D0-8D11-00A0C91BC942}") = "libogg", "libogg.vcproj", "{C658620F-8EE6-4C30-9DBB-3B1C17B1C1DB}"
EndProject
Project("{8BC9CEB8-8B4A-11D0-8D11-00A0C91BC942}") = "libvorbis", "libvorbis.vcproj", "{6470A93F-742A-429D-A7FD-6EA700F82846}"
EndProject
Project("{8BC9CEB8-8B4A-11D0-8D11-00A0C91BC942}") = "libtheora", "libtheora.vcproj", "{F57AE3C7-1EC1-436D-95F2-FFDC14637672}"
EndProject
Project("{8BC9CEB8-8B4A-11D0-8D11-00A0C91BC942}") = "libgstvideo", "libgstvideo.vcproj", "{9C958451-8F2E-48E2-BD8F-6BDD56914F50}"
	ProjectSection(ProjectDependencies) = postProject
		{A3650325-2B59-4B45-B7DB-AD4FB738469F} = {A3650325-2B59-4B45-B7DB-AD4FB738469F}
	EndProjectSection
EndProject
Project("{2150E333-8FDC-42A3-9474-1A3956D46DE8}") = "gst-libs", "gst-libs", "{B7416AC7-DDB9-40D3-A8D9-189A4AAB8E1C}"
EndProject
Project("{2150E333-8FDC-42A3-9474-1A3956D46DE8}") = "xiph", "xiph", "{2468A37B-68BF-46A3-9D7F-4DE3BFD083F6}"
EndProject
Project("{2150E333-8FDC-42A3-9474-1A3956D46DE8}") = "glib-gobject", "glib-gobject", "{B8C1FF72-4F01-4FAA-AE4E-29B15497F279}"
EndProject
Global
	GlobalSection(SolutionConfigurationPlatforms) = preSolution
		Debug|Win32 = Debug|Win32
		Release|Win32 = Release|Win32
	EndGlobalSection
	GlobalSection(ProjectConfigurationPlatforms) = postSolution
		{5DDC2ADD-7433-406E-9464-5F9752F219DE}.Debug|Win32.ActiveCfg = Debug|Win32
		{5DDC2ADD-7433-406E-9464-5F9752F219DE}.Debug|Win32.Build.0 = Debug|Win32
		{5DDC2ADD-7433-406E-9464-5F9752F219DE}.Release|Win32.ActiveCfg = Release|Win32
		{5DDC2ADD-7433-406E-9464-5F9752F219DE}.Release|Win32.Build.0 = Release|Win32
		{CC5E64ED-B830-4248-A287-E59B0712068C}.Debug|Win32.ActiveCfg = Debug|Win32
		{CC5E64ED-B830-4248-A287-E59B0712068C}.Debug|Win32.Build.0 = Debug|Win32
		{CC5E64ED-B830-4248-A287-E59B0712068C}.Release|Win32.ActiveCfg = Release|Win32
		{CC5E64ED-B830-4248-A287-E59B0712068C}.Release|Win32.Build.0 = Release|Win32
		{29A4EC3D-AC0B-4DBE-A891-7B099443B2BF}.Debug|Win32.ActiveCfg = Debug|Win32
		{29A4EC3D-AC0B-4DBE-A891-7B099443B2BF}.Debug|Win32.Build.0 = Debug|Win32
		{29A4EC3D-AC0B-4DBE-A891-7B099443B2BF}.Release|Win32.ActiveCfg = Release|Win32
		{29A4EC3D-AC0B-4DBE-A891-7B099443B2BF}.Release|Win32.Build.0 = Release|Win32
		{11F5F3BB-FA05-48B7-A285-9532C48B2831}.Debug|Win32.ActiveCfg = Debug|Win32
		{11F5F3BB-FA05-48B7-A285-9532C48B2831}.Debug|Win32.Build.0 = Debug|Win32
		{11F5F3BB-FA05-48B7-A285-9532C48B2831}.Release|Win32.ActiveCfg = Release|Win32
		{11F5F3BB-FA05-48B7-A285-9532C48B2831}.Release|Win32.Build.0 = Release|Win32
		{89824193-B485-44C0-8F6F-432CAAA2E859}.Debug|Win32.ActiveCfg = Debug|Win32
		{89824193-B485-44C0-8F6F-432CAAA2E859}.Debug|Win32.Build.0 = Debug|Win32
		{89824193-B485-44C0-8F6F-432CAAA2E859}.Release|Win32.ActiveCfg = Release|Win32
		{89824193-B485-44C0-8F6F-432CAAA2E859}.Release|Win32.Build.0 = Release|Win32
		{8191EDE0-B2DB-4E2E-B6F2-8FF1718E2E80}.Debug|Win32.ActiveCfg = Debug|Win32
		{8191EDE0-B2DB-4E2E-B6F2-8FF1718E2E80}.Debug|Win32.Build.0 = Debug|Win32
		{8191EDE0-B2DB-4E2E-B6F2-8FF1718E2E80}.Release|Win32.ActiveCfg = Release|Win32
		{8191EDE0-B2DB-4E2E-B6F2-8FF1718E2E80}.Release|Win32.Build.0 = Release|Win32
		{779BD956-FC05-45AD-98E4-167A89515E63}.Debug|Win32.ActiveCfg = Debug|Win32
		{779BD956-FC05-45AD-98E4-167A89515E63}.Debug|Win32.Build.0 = Debug|Win32
		{779BD956-FC05-45AD-98E4-167A89515E63}.Release|Win32.ActiveCfg = Release|Win32
		{779BD956-FC05-45AD-98E4-167A89515E63}.Release|Win32.Build.0 = Release|Win32
		{862C5375-D1B2-4A58-BA43-48100192035F}.Debug|Win32.ActiveCfg = Debug|Win32
		{862C5375-D1B2-4A58-BA43-48100192035F}.Debug|Win32.Build.0 = Debug|Win32
		{862C5375-D1B2-4A58-BA43-48100192035F}.Release|Win32.ActiveCfg = Release|Win32
		{862C5375-D1B2-4A58-BA43-48100192035F}.Release|Win32.Build.0 = Release|Win32
		{14AE9E39-FC3B-4657-B396-21257FCB910F}.Debug|Win32.ActiveCfg = Debug|Win32
		{14AE9E39-FC3B-4657-B396-21257FCB910F}.Debug|Win32.Build.0 = Debug|Win32
		{14AE9E39-FC3B-4657-B396-21257FCB910F}.Release|Win32.ActiveCfg = Release|Win32
		{14AE9E39-FC3B-4657-B396-21257FCB910F}.Release|Win32.Build.0 = Release|Win32
		{60475A5B-92B0-4B71-A266-59F1BD9B9D96}.Debug|Win32.ActiveCfg = Debug|Win32
		{60475A5B-92B0-4B71-A266-59F1BD9B9D96}.Debug|Win32.Build.0 = Debug|Win32
		{60475A5B-92B0-4B71-A266-59F1BD9B9D96}.Release|Win32.ActiveCfg = Release|Win32
		{60475A5B-92B0-4B71-A266-59F1BD9B9D96}.Release|Win32.Build.0 = Release|Win32
		{DBEFB320-F8A8-4B22-81B7-84DBC5072E6D}.Debug|Win32.ActiveCfg = Debug|Win32
		{DBEFB320-F8A8-4B22-81B7-84DBC5072E6D}.Debug|Win32.Build.0 = Debug|Win32
		{DBEFB320-F8A8-4B22-81B7-84DBC5072E6D}.Release|Win32.ActiveCfg = Release|Win32
		{DBEFB320-F8A8-4B22-81B7-84DBC5072E6D}.Release|Win32.Build.0 = Release|Win32
		{03813C4E-6A2C-438F-913A-525BC0D6A804}.Debug|Win32.ActiveCfg = Debug|Win32
		{03813C4E-6A2C-438F-913A-525BC0D6A804}.Debug|Win32.Build.0 = Debug|Win32
		{03813C4E-6A2C-438F-913A-525BC0D6A804}.Release|Win32.ActiveCfg = Release|Win32
		{03813C4E-6A2C-438F-913A-525BC0D6A804}.Release|Win32.Build.0 = Release|Win32
		{A3650325-2B59-4B45-B7DB-AD4FB738469F}.Debug|Win32.ActiveCfg = Debug|Win32
		{A3650325-2B59-4B45-B7DB-AD4FB738469F}.Debug|Win32.Build.0 = Debug|Win32
		{A3650325-2B59-4B45-B7DB-AD4FB738469F}.Release|Win32.ActiveCfg = Release|Win32
		{A3650325-2B59-4B45-B7DB-AD4FB738469F}.Release|Win32.Build.0 = Release|Win32
		{1BC897A0-A8AE-460B-B60D-972280235F9D}.Debug|Win32.ActiveCfg = Debug|Win32
		{1BC897A0-A8AE-460B-B60D-972280235F9D}.Debug|Win32.Build.0 = Debug|Win32
		{1BC897A0-A8AE-460B-B60D-972280235F9D}.Release|Win32.ActiveCfg = Release|Win32
		{1BC897A0-A8AE-460B-B60D-972280235F9D}.Release|Win32.Build.0 = Release|Win32
		{BFAF1EE7-AB5A-4D5A-8D01-FE9B237BE930}.Debug|Win32.ActiveCfg = Debug|Win32
		{BFAF1EE7-AB5A-4D5A-8D01-FE9B237BE930}.Debug|Win32.Build.0 = Debug|Win32
		{BFAF1EE7-AB5A-4D5A-8D01-FE9B237BE930}.Release|Win32.ActiveCfg = Release|Win32
		{BFAF1EE7-AB5A-4D5A-8D01-FE9B237BE930}.Release|Win32.Build.0 = Release|Win32
		{D03A4DD1-902E-4128-8CEB-034A88F40385}.Debug|Win32.ActiveCfg = Debug|Win32
		{D03A4DD1-902E-4128-8CEB-034A88F40385}.Debug|Win32.Build.0 = Debug|Win32
		{D03A4DD1-902E-4128-8CEB-034A88F40385}.Release|Win32.ActiveCfg = Release|Win32
		{D03A4DD1-902E-4128-8CEB-034A88F40385}.Release|Win32.Build.0 = Release|Win32
		{9DFD6953-4402-43E7-A14B-822E4FC76085}.Debug|Win32.ActiveCfg = Debug|Win32
		{9DFD6953-4402-43E7-A14B-822E4FC76085}.Debug|Win32.Build.0 = Debug|Win32
		{9DFD6953-4402-43E7-A14B-822E4FC76085}.Release|Win32.ActiveCfg = Release|Win32
		{9DFD6953-4402-43E7-A14B-822E4FC76085}.Release|Win32.Build.0 = Release|Win32
		{74639485-16D8-43B9-BB74-208FD98655EA}.Debug|Win32.ActiveCfg = Debug|Win32
		{74639485-16D8-43B9-BB74-208FD98655EA}.Debug|Win32.Build.0 = Debug|Win32
		{74639485-16D8-43B9-BB74-208FD98655EA}.Release|Win32.ActiveCfg = Release|Win32
		{74639485-16D8-43B9-BB74-208FD98655EA}.Release|Win32.Build.0 = Release|Win32
		{FA632DF0-2E9D-474E-83DF-D756036A547E}.Debug|Win32.ActiveCfg = Debug|Win32
		{FA632DF0-2E9D-474E-83DF-D756036A547E}.Debug|Win32.Build.0 = Debug|Win32
		{FA632DF0-2E9D-474E-83DF-D756036A547E}.Release|Win32.ActiveCfg = Release|Win32
		{FA632DF0-2E9D-474E-83DF-D756036A547E}.Release|Win32.Build.0 = Release|Win32
		{C658620F-8EE6-4C30-9DBB-3B1C17B1C1DB}.Debug|Win32.ActiveCfg = Debug|Win32
		{C658620F-8EE6-4C30-9DBB-3B1C17B1C1DB}.Debug|Win32.Build.0 = Debug|Win32
		{C658620F-8EE6-4C30-9DBB-3B1C17B1C1DB}.Release|Win32.ActiveCfg = Release|Win32
		{C658620F-8EE6-4C30-9DBB-3B1C17B1C1DB}.Release|Win32.Build.0 = Release|Win32
		{6470A93F-742A-429D-A7FD-6EA700F82846}.Debug|Win32.ActiveCfg = Debug|Win32
		{6470A93F-742A-429D-A7FD-6EA700F82846}.Debug|Win32.Build.0 = Debug|Win32
		{6470A93F-742A-429D-A7FD-6EA700F82846}.Release|Win32.ActiveCfg = Release|Win32
		{6470A93F-742A-429D-A7FD-6EA700F82846}.Release|Win32.Build.0 = Release|Win32
		{F57AE3C7-1EC1-436D-95F2-FFDC14637672}.Debug|Win32.ActiveCfg = Debug|Win32
		{F57AE3C7-1EC1-436D-95F2-FFDC14637672}.Debug|Win32.Build.0 = Debug|Win32
		{F57AE3C7-1EC1-436D-95F2-FFDC14637672}.Release|Win32.ActiveCfg = Release|Win32
		{F57AE3C7-1EC1-436D-95F2-FFDC14637672}.Release|Win32.Build.0 = Release|Win32
		{9C958451-8F2E-48E2-BD8F-6BDD56914F50}.Debug|Win32.ActiveCfg = Debug|Win32
		{9C958451-8F2E-48E2-BD8F-6BDD56914F50}.Debug|Win32.Build.0 = Debug|Win32
		{9C958451-8F2E-48E2-BD8F-6BDD56914F50}.Release|Win32.ActiveCfg = Release|Win32
		{9C958451-8F2E-48E2-BD8F-6BDD56914F50}.Release|Win32.Build.0 = Release|Win32
	EndGlobalSection
	GlobalSection(SolutionProperties) = preSolution
		HideSolutionNode = FALSE
	EndGlobalSection
	GlobalSection(NestedProjects) = preSolution
		{29A4EC3D-AC0B-4DBE-A891-7B099443B2BF} = {9085D833-81C5-4670-BDA8-5638D3680E6E}
		{11F5F3BB-FA05-48B7-A285-9532C48B2831} = {9085D833-81C5-4670-BDA8-5638D3680E6E}
		{89824193-B485-44C0-8F6F-432CAAA2E859} = {9085D833-81C5-4670-BDA8-5638D3680E6E}
		{8191EDE0-B2DB-4E2E-B6F2-8FF1718E2E80} = {9085D833-81C5-4670-BDA8-5638D3680E6E}
		{779BD956-FC05-45AD-98E4-167A89515E63} = {9085D833-81C5-4670-BDA8-5638D3680E6E}
		{CC5E64ED-B830-4248-A287-E59B0712068C} = {9085D833-81C5-4670-BDA8-5638D3680E6E}
		{862C5375-D1B2-4A58-BA43-48100192035F} = {9085D833-81C5-4670-BDA8-5638D3680E6E}
		{14AE9E39-FC3B-4657-B396-21257FCB910F} = {9085D833-81C5-4670-BDA8-5638D3680E6E}
		{60475A5B-92B0-4B71-A266-59F1BD9B9D96} = {9085D833-81C5-4670-BDA8-5638D3680E6E}
		{03813C4E-6A2C-438F-913A-525BC0D6A804} = {B7416AC7-DDB9-40D3-A8D9-189A4AAB8E1C}
		{A3650325-2B59-4B45-B7DB-AD4FB738469F} = {B7416AC7-DDB9-40D3-A8D9-189A4AAB8E1C}
		{1BC897A0-A8AE-460B-B60D-972280235F9D} = {B7416AC7-DDB9-40D3-A8D9-189A4AAB8E1C}
		{BFAF1EE7-AB5A-4D5A-8D01-FE9B237BE930} = {B7416AC7-DDB9-40D3-A8D9-189A4AAB8E1C}
		{9C958451-8F2E-48E2-BD8F-6BDD56914F50} = {B7416AC7-DDB9-40D3-A8D9-189A4AAB8E1C}
		{DBEFB320-F8A8-4B22-81B7-84DBC5072E6D} = {B7416AC7-DDB9-40D3-A8D9-189A4AAB8E1C}
		{9DFD6953-4402-43E7-A14B-822E4FC76085} = {B8C1FF72-4F01-4FAA-AE4E-29B15497F279}
		{74639485-16D8-43B9-BB74-208FD98655EA} = {B8C1FF72-4F01-4FAA-AE4E-29B15497F279}
		{FA632DF0-2E9D-474E-83DF-D756036A547E} = {B8C1FF72-4F01-4FAA-AE4E-29B15497F279}
		{D03A4DD1-902E-4128-8CEB-034A88F40385} = {B8C1FF72-4F01-4FAA-AE4E-29B15497F279}
		{6470A93F-742A-429D-A7FD-6EA700F82846} = {2468A37B-68BF-46A3-9D7F-4DE3BFD083F6}
		{F57AE3C7-1EC1-436D-95F2-FFDC14637672} = {2468A37B-68BF-46A3-9D7F-4DE3BFD083F6}
		{C658620F-8EE6-4C30-9DBB-3B1C17B1C1DB} = {2468A37B-68BF-46A3-9D7F-4DE3BFD083F6}
	EndGlobalSection
EndGlobal
