
Microsoft Visual Studio Solution File, Format Version 11.00
# Visual C++ Express 2010
Project("{8BC9CEB8-8B4A-11D0-8D11-00A0C91BC942}") = "gstreamer", "gstreamer.vcxproj", "{5DDC2ADD-7433-406E-9464-5F9752F219DE}"
EndProject
Project("{8BC9CEB8-8B4A-11D0-8D11-00A0C91BC942}") = "gstoggdec", "gstoggdec.vcxproj", "{29A4EC3D-AC0B-4DBE-A891-7B099443B2BF}"
EndProject
Project("{8BC9CEB8-8B4A-11D0-8D11-00A0C91BC942}") = "gstaudioresample", "gstaudioresample.vcxproj", "{11F5F3BB-FA05-48B7-A285-9532C48B2831}"
EndProject
Project("{8BC9CEB8-8B4A-11D0-8D11-00A0C91BC942}") = "gstaudioconvert", "gstaudioconvert.vcxproj", "{8191EDE0-B2DB-4E2E-B6F2-8FF1718E2E80}"
EndProject
Project("{8BC9CEB8-8B4A-11D0-8D11-00A0C91BC942}") = "gstdecodebin2", "gstdecodebin2.vcxproj", "{779BD956-FC05-45AD-98E4-167A89515E63}"
EndProject
Project("{8BC9CEB8-8B4A-11D0-8D11-00A0C91BC942}") = "gstdirectsound", "gstdirectsound.vcxproj", "{862C5375-D1B2-4A58-BA43-48100192035F}"
EndProject
Project("{8BC9CEB8-8B4A-11D0-8D11-00A0C91BC942}") = "gstffmpegcolorspace", "gstffmpegcolorspace.vcxproj", "{14AE9E39-FC3B-4657-B396-21257FCB910F}"
EndProject
Project("{8BC9CEB8-8B4A-11D0-8D11-00A0C91BC942}") = "gstwavparse", "gstwavparse.vcxproj", "{60475A5B-92B0-4B71-A266-59F1BD9B9D96}"
EndProject
Project("{8BC9CEB8-8B4A-11D0-8D11-00A0C91BC942}") = "libgstriff", "libgstriff.vcxproj", "{DBEFB320-F8A8-4B22-81B7-84DBC5072E6D}"
EndProject
Project("{8BC9CEB8-8B4A-11D0-8D11-00A0C91BC942}") = "libgstaudio", "libgstaudio.vcxproj", "{03813C4E-6A2C-438F-913A-525BC0D6A804}"
EndProject
Project("{8BC9CEB8-8B4A-11D0-8D11-00A0C91BC942}") = "libgstbase", "libgstbase.vcxproj", "{A3650325-2B59-4B45-B7DB-AD4FB738469F}"
EndProject
Project("{8BC9CEB8-8B4A-11D0-8D11-00A0C91BC942}") = "libgstinterfaces", "libgstinterfaces.vcxproj", "{1BC897A0-A8AE-460B-B60D-972280235F9D}"
EndProject
Project("{8BC9CEB8-8B4A-11D0-8D11-00A0C91BC942}") = "libgstreamer", "libgstreamer.vcxproj", "{BFAF1EE7-AB5A-4D5A-8D01-FE9B237BE930}"
EndProject
Project("{8BC9CEB8-8B4A-11D0-8D11-00A0C91BC942}") = "gthread", "gthread.vcxproj", "{D03A4DD1-902E-4128-8CEB-034A88F40385}"
EndProject
Project("{8BC9CEB8-8B4A-11D0-8D11-00A0C91BC942}") = "gobject", "gobject.vcxproj", "{9DFD6953-4402-43E7-A14B-822E4FC76085}"
EndProject
Project("{8BC9CEB8-8B4A-11D0-8D11-00A0C91BC942}") = "gmodule", "gmodule.vcxproj", "{74639485-16D8-43B9-BB74-208FD98655EA}"
EndProject
Project("{8BC9CEB8-8B4A-11D0-8D11-00A0C91BC942}") = "glib", "glib.vcxproj", "{FA632DF0-2E9D-474E-83DF-D756036A547E}"
EndProject
Project("{8BC9CEB8-8B4A-11D0-8D11-00A0C91BC942}") = "libogg", "libogg.vcxproj", "{C658620F-8EE6-4C30-9DBB-3B1C17B1C1DB}"
EndProject
Project("{8BC9CEB8-8B4A-11D0-8D11-00A0C91BC942}") = "libvorbis", "libvorbis.vcxproj", "{6470A93F-742A-429D-A7FD-6EA700F82846}"
EndProject
Project("{8BC9CEB8-8B4A-11D0-8D11-00A0C91BC942}") = "libtheora", "libtheora.vcxproj", "{F57AE3C7-1EC1-436D-95F2-FFDC14637672}"
EndProject
Project("{8BC9CEB8-8B4A-11D0-8D11-00A0C91BC942}") = "libgstvideo", "libgstvideo.vcxproj", "{9C958451-8F2E-48E2-BD8F-6BDD56914F50}"
EndProject
Project("{8BC9CEB8-8B4A-11D0-8D11-00A0C91BC942}") = "gstwebmdec", "gstwebmdec.vcxproj", "{AF4642C7-70A1-41AB-B2CB-11AF05CC74B4}"
	ProjectSection(ProjectDependencies) = postProject
		{FA632DF0-2E9D-474E-83DF-D756036A547E} = {FA632DF0-2E9D-474E-83DF-D756036A547E}
	EndProjectSection
EndProject
Project("{8BC9CEB8-8B4A-11D0-8D11-00A0C91BC942}") = "libvpx", "libvpx.vcxproj", "{DCE19DAF-69AC-46DB-B14A-39F0FAA5DB74}"
EndProject
Project("{8BC9CEB8-8B4A-11D0-8D11-00A0C91BC942}") = "libgstbasevideo", "libgstbasevideo.vcxproj", "{D99A39D8-C008-4275-8814-C6C6F10D8C2E}"
	ProjectSection(ProjectDependencies) = postProject
		{BFAF1EE7-AB5A-4D5A-8D01-FE9B237BE930} = {BFAF1EE7-AB5A-4D5A-8D01-FE9B237BE930}
	EndProjectSection
EndProject
Project("{8BC9CEB8-8B4A-11D0-8D11-00A0C91BC942}") = "gstwaveform", "gstwaveform.vcxproj", "{94864FB0-06D5-4B8F-8482-BCD2128AFCAA}"
EndProject
Project("{8BC9CEB8-8B4A-11D0-8D11-00A0C91BC942}") = "gstautodetect", "gstautodetect.vcxproj", "{B6669382-7F21-42E4-9023-462F9018F865}"
EndProject
Project("{8BC9CEB8-8B4A-11D0-8D11-00A0C91BC942}") = "gstcoreplugins", "gstcoreplugins.vcxproj", "{CC5E64ED-B830-4248-A287-E59B0712068C}"
EndProject
Global
	GlobalSection(SolutionConfigurationPlatforms) = preSolution
		Debug|Win32 = Debug|Win32
		Debug|x64 = Debug|x64
		Release|Win32 = Release|Win32
		Release|x64 = Release|x64
	EndGlobalSection
	GlobalSection(ProjectConfigurationPlatforms) = postSolution
		{5DDC2ADD-7433-406E-9464-5F9752F219DE}.Debug|Win32.ActiveCfg = Debug|Win32
		{5DDC2ADD-7433-406E-9464-5F9752F219DE}.Debug|Win32.Build.0 = Debug|Win32
		{5DDC2ADD-7433-406E-9464-5F9752F219DE}.Debug|x64.ActiveCfg = Debug|x64
		{5DDC2ADD-7433-406E-9464-5F9752F219DE}.Debug|x64.Build.0 = Debug|x64
		{5DDC2ADD-7433-406E-9464-5F9752F219DE}.Release|Win32.ActiveCfg = Release|Win32
		{5DDC2ADD-7433-406E-9464-5F9752F219DE}.Release|Win32.Build.0 = Release|Win32
		{5DDC2ADD-7433-406E-9464-5F9752F219DE}.Release|x64.ActiveCfg = Release|x64
		{5DDC2ADD-7433-406E-9464-5F9752F219DE}.Release|x64.Build.0 = Release|x64
		{29A4EC3D-AC0B-4DBE-A891-7B099443B2BF}.Debug|Win32.ActiveCfg = Debug|Win32
		{29A4EC3D-AC0B-4DBE-A891-7B099443B2BF}.Debug|Win32.Build.0 = Debug|Win32
		{29A4EC3D-AC0B-4DBE-A891-7B099443B2BF}.Debug|x64.ActiveCfg = Debug|x64
		{29A4EC3D-AC0B-4DBE-A891-7B099443B2BF}.Debug|x64.Build.0 = Debug|x64
		{29A4EC3D-AC0B-4DBE-A891-7B099443B2BF}.Release|Win32.ActiveCfg = Release|Win32
		{29A4EC3D-AC0B-4DBE-A891-7B099443B2BF}.Release|Win32.Build.0 = Release|Win32
		{29A4EC3D-AC0B-4DBE-A891-7B099443B2BF}.Release|x64.ActiveCfg = Release|x64
		{29A4EC3D-AC0B-4DBE-A891-7B099443B2BF}.Release|x64.Build.0 = Release|x64
		{11F5F3BB-FA05-48B7-A285-9532C48B2831}.Debug|Win32.ActiveCfg = Debug|Win32
		{11F5F3BB-FA05-48B7-A285-9532C48B2831}.Debug|Win32.Build.0 = Debug|Win32
		{11F5F3BB-FA05-48B7-A285-9532C48B2831}.Debug|x64.ActiveCfg = Debug|x64
		{11F5F3BB-FA05-48B7-A285-9532C48B2831}.Debug|x64.Build.0 = Debug|x64
		{11F5F3BB-FA05-48B7-A285-9532C48B2831}.Release|Win32.ActiveCfg = Release|Win32
		{11F5F3BB-FA05-48B7-A285-9532C48B2831}.Release|Win32.Build.0 = Release|Win32
		{11F5F3BB-FA05-48B7-A285-9532C48B2831}.Release|x64.ActiveCfg = Release|x64
		{11F5F3BB-FA05-48B7-A285-9532C48B2831}.Release|x64.Build.0 = Release|x64
		{8191EDE0-B2DB-4E2E-B6F2-8FF1718E2E80}.Debug|Win32.ActiveCfg = Debug|Win32
		{8191EDE0-B2DB-4E2E-B6F2-8FF1718E2E80}.Debug|Win32.Build.0 = Debug|Win32
		{8191EDE0-B2DB-4E2E-B6F2-8FF1718E2E80}.Debug|x64.ActiveCfg = Debug|x64
		{8191EDE0-B2DB-4E2E-B6F2-8FF1718E2E80}.Debug|x64.Build.0 = Debug|x64
		{8191EDE0-B2DB-4E2E-B6F2-8FF1718E2E80}.Release|Win32.ActiveCfg = Release|Win32
		{8191EDE0-B2DB-4E2E-B6F2-8FF1718E2E80}.Release|Win32.Build.0 = Release|Win32
		{8191EDE0-B2DB-4E2E-B6F2-8FF1718E2E80}.Release|x64.ActiveCfg = Release|x64
		{8191EDE0-B2DB-4E2E-B6F2-8FF1718E2E80}.Release|x64.Build.0 = Release|x64
		{779BD956-FC05-45AD-98E4-167A89515E63}.Debug|Win32.ActiveCfg = Debug|Win32
		{779BD956-FC05-45AD-98E4-167A89515E63}.Debug|Win32.Build.0 = Debug|Win32
		{779BD956-FC05-45AD-98E4-167A89515E63}.Debug|x64.ActiveCfg = Debug|x64
		{779BD956-FC05-45AD-98E4-167A89515E63}.Debug|x64.Build.0 = Debug|x64
		{779BD956-FC05-45AD-98E4-167A89515E63}.Release|Win32.ActiveCfg = Release|Win32
		{779BD956-FC05-45AD-98E4-167A89515E63}.Release|Win32.Build.0 = Release|Win32
		{779BD956-FC05-45AD-98E4-167A89515E63}.Release|x64.ActiveCfg = Release|x64
		{779BD956-FC05-45AD-98E4-167A89515E63}.Release|x64.Build.0 = Release|x64
		{862C5375-D1B2-4A58-BA43-48100192035F}.Debug|Win32.ActiveCfg = Debug|Win32
		{862C5375-D1B2-4A58-BA43-48100192035F}.Debug|Win32.Build.0 = Debug|Win32
		{862C5375-D1B2-4A58-BA43-48100192035F}.Debug|x64.ActiveCfg = Debug|x64
		{862C5375-D1B2-4A58-BA43-48100192035F}.Debug|x64.Build.0 = Debug|x64
		{862C5375-D1B2-4A58-BA43-48100192035F}.Release|Win32.ActiveCfg = Release|Win32
		{862C5375-D1B2-4A58-BA43-48100192035F}.Release|Win32.Build.0 = Release|Win32
		{862C5375-D1B2-4A58-BA43-48100192035F}.Release|x64.ActiveCfg = Release|x64
		{862C5375-D1B2-4A58-BA43-48100192035F}.Release|x64.Build.0 = Release|x64
		{14AE9E39-FC3B-4657-B396-21257FCB910F}.Debug|Win32.ActiveCfg = Debug|Win32
		{14AE9E39-FC3B-4657-B396-21257FCB910F}.Debug|Win32.Build.0 = Debug|Win32
		{14AE9E39-FC3B-4657-B396-21257FCB910F}.Debug|x64.ActiveCfg = Debug|x64
		{14AE9E39-FC3B-4657-B396-21257FCB910F}.Debug|x64.Build.0 = Debug|x64
		{14AE9E39-FC3B-4657-B396-21257FCB910F}.Release|Win32.ActiveCfg = Release|Win32
		{14AE9E39-FC3B-4657-B396-21257FCB910F}.Release|Win32.Build.0 = Release|Win32
		{14AE9E39-FC3B-4657-B396-21257FCB910F}.Release|x64.ActiveCfg = Release|x64
		{14AE9E39-FC3B-4657-B396-21257FCB910F}.Release|x64.Build.0 = Release|x64
		{60475A5B-92B0-4B71-A266-59F1BD9B9D96}.Debug|Win32.ActiveCfg = Debug|Win32
		{60475A5B-92B0-4B71-A266-59F1BD9B9D96}.Debug|Win32.Build.0 = Debug|Win32
		{60475A5B-92B0-4B71-A266-59F1BD9B9D96}.Debug|x64.ActiveCfg = Debug|x64
		{60475A5B-92B0-4B71-A266-59F1BD9B9D96}.Debug|x64.Build.0 = Debug|x64
		{60475A5B-92B0-4B71-A266-59F1BD9B9D96}.Release|Win32.ActiveCfg = Release|Win32
		{60475A5B-92B0-4B71-A266-59F1BD9B9D96}.Release|Win32.Build.0 = Release|Win32
		{60475A5B-92B0-4B71-A266-59F1BD9B9D96}.Release|x64.ActiveCfg = Release|x64
		{60475A5B-92B0-4B71-A266-59F1BD9B9D96}.Release|x64.Build.0 = Release|x64
		{DBEFB320-F8A8-4B22-81B7-84DBC5072E6D}.Debug|Win32.ActiveCfg = Debug|Win32
		{DBEFB320-F8A8-4B22-81B7-84DBC5072E6D}.Debug|Win32.Build.0 = Debug|Win32
		{DBEFB320-F8A8-4B22-81B7-84DBC5072E6D}.Debug|x64.ActiveCfg = Debug|x64
		{DBEFB320-F8A8-4B22-81B7-84DBC5072E6D}.Debug|x64.Build.0 = Debug|x64
		{DBEFB320-F8A8-4B22-81B7-84DBC5072E6D}.Release|Win32.ActiveCfg = Release|Win32
		{DBEFB320-F8A8-4B22-81B7-84DBC5072E6D}.Release|Win32.Build.0 = Release|Win32
		{DBEFB320-F8A8-4B22-81B7-84DBC5072E6D}.Release|x64.ActiveCfg = Release|x64
		{DBEFB320-F8A8-4B22-81B7-84DBC5072E6D}.Release|x64.Build.0 = Release|x64
		{03813C4E-6A2C-438F-913A-525BC0D6A804}.Debug|Win32.ActiveCfg = Debug|Win32
		{03813C4E-6A2C-438F-913A-525BC0D6A804}.Debug|Win32.Build.0 = Debug|Win32
		{03813C4E-6A2C-438F-913A-525BC0D6A804}.Debug|x64.ActiveCfg = Debug|x64
		{03813C4E-6A2C-438F-913A-525BC0D6A804}.Debug|x64.Build.0 = Debug|x64
		{03813C4E-6A2C-438F-913A-525BC0D6A804}.Release|Win32.ActiveCfg = Release|Win32
		{03813C4E-6A2C-438F-913A-525BC0D6A804}.Release|Win32.Build.0 = Release|Win32
		{03813C4E-6A2C-438F-913A-525BC0D6A804}.Release|x64.ActiveCfg = Release|x64
		{03813C4E-6A2C-438F-913A-525BC0D6A804}.Release|x64.Build.0 = Release|x64
		{A3650325-2B59-4B45-B7DB-AD4FB738469F}.Debug|Win32.ActiveCfg = Debug|Win32
		{A3650325-2B59-4B45-B7DB-AD4FB738469F}.Debug|Win32.Build.0 = Debug|Win32
		{A3650325-2B59-4B45-B7DB-AD4FB738469F}.Debug|x64.ActiveCfg = Debug|x64
		{A3650325-2B59-4B45-B7DB-AD4FB738469F}.Debug|x64.Build.0 = Debug|x64
		{A3650325-2B59-4B45-B7DB-AD4FB738469F}.Release|Win32.ActiveCfg = Release|Win32
		{A3650325-2B59-4B45-B7DB-AD4FB738469F}.Release|Win32.Build.0 = Release|Win32
		{A3650325-2B59-4B45-B7DB-AD4FB738469F}.Release|x64.ActiveCfg = Release|x64
		{A3650325-2B59-4B45-B7DB-AD4FB738469F}.Release|x64.Build.0 = Release|x64
		{1BC897A0-A8AE-460B-B60D-972280235F9D}.Debug|Win32.ActiveCfg = Debug|Win32
		{1BC897A0-A8AE-460B-B60D-972280235F9D}.Debug|Win32.Build.0 = Debug|Win32
		{1BC897A0-A8AE-460B-B60D-972280235F9D}.Debug|x64.ActiveCfg = Debug|x64
		{1BC897A0-A8AE-460B-B60D-972280235F9D}.Debug|x64.Build.0 = Debug|x64
		{1BC897A0-A8AE-460B-B60D-972280235F9D}.Release|Win32.ActiveCfg = Release|Win32
		{1BC897A0-A8AE-460B-B60D-972280235F9D}.Release|Win32.Build.0 = Release|Win32
		{1BC897A0-A8AE-460B-B60D-972280235F9D}.Release|x64.ActiveCfg = Release|x64
		{1BC897A0-A8AE-460B-B60D-972280235F9D}.Release|x64.Build.0 = Release|x64
		{BFAF1EE7-AB5A-4D5A-8D01-FE9B237BE930}.Debug|Win32.ActiveCfg = Debug|Win32
		{BFAF1EE7-AB5A-4D5A-8D01-FE9B237BE930}.Debug|Win32.Build.0 = Debug|Win32
		{BFAF1EE7-AB5A-4D5A-8D01-FE9B237BE930}.Debug|x64.ActiveCfg = Debug|x64
		{BFAF1EE7-AB5A-4D5A-8D01-FE9B237BE930}.Debug|x64.Build.0 = Debug|x64
		{BFAF1EE7-AB5A-4D5A-8D01-FE9B237BE930}.Release|Win32.ActiveCfg = Release|Win32
		{BFAF1EE7-AB5A-4D5A-8D01-FE9B237BE930}.Release|Win32.Build.0 = Release|Win32
		{BFAF1EE7-AB5A-4D5A-8D01-FE9B237BE930}.Release|x64.ActiveCfg = Release|x64
		{BFAF1EE7-AB5A-4D5A-8D01-FE9B237BE930}.Release|x64.Build.0 = Release|x64
		{D03A4DD1-902E-4128-8CEB-034A88F40385}.Debug|Win32.ActiveCfg = Debug|Win32
		{D03A4DD1-902E-4128-8CEB-034A88F40385}.Debug|Win32.Build.0 = Debug|Win32
		{D03A4DD1-902E-4128-8CEB-034A88F40385}.Debug|x64.ActiveCfg = Debug|x64
		{D03A4DD1-902E-4128-8CEB-034A88F40385}.Debug|x64.Build.0 = Debug|x64
		{D03A4DD1-902E-4128-8CEB-034A88F40385}.Release|Win32.ActiveCfg = Release|Win32
		{D03A4DD1-902E-4128-8CEB-034A88F40385}.Release|Win32.Build.0 = Release|Win32
		{D03A4DD1-902E-4128-8CEB-034A88F40385}.Release|x64.ActiveCfg = Release|x64
		{D03A4DD1-902E-4128-8CEB-034A88F40385}.Release|x64.Build.0 = Release|x64
		{9DFD6953-4402-43E7-A14B-822E4FC76085}.Debug|Win32.ActiveCfg = Debug|Win32
		{9DFD6953-4402-43E7-A14B-822E4FC76085}.Debug|Win32.Build.0 = Debug|Win32
		{9DFD6953-4402-43E7-A14B-822E4FC76085}.Debug|x64.ActiveCfg = Debug|x64
		{9DFD6953-4402-43E7-A14B-822E4FC76085}.Debug|x64.Build.0 = Debug|x64
		{9DFD6953-4402-43E7-A14B-822E4FC76085}.Release|Win32.ActiveCfg = Release|Win32
		{9DFD6953-4402-43E7-A14B-822E4FC76085}.Release|Win32.Build.0 = Release|Win32
		{9DFD6953-4402-43E7-A14B-822E4FC76085}.Release|x64.ActiveCfg = Release|x64
		{9DFD6953-4402-43E7-A14B-822E4FC76085}.Release|x64.Build.0 = Release|x64
		{74639485-16D8-43B9-BB74-208FD98655EA}.Debug|Win32.ActiveCfg = Debug|Win32
		{74639485-16D8-43B9-BB74-208FD98655EA}.Debug|Win32.Build.0 = Debug|Win32
		{74639485-16D8-43B9-BB74-208FD98655EA}.Debug|x64.ActiveCfg = Debug|x64
		{74639485-16D8-43B9-BB74-208FD98655EA}.Debug|x64.Build.0 = Debug|x64
		{74639485-16D8-43B9-BB74-208FD98655EA}.Release|Win32.ActiveCfg = Release|Win32
		{74639485-16D8-43B9-BB74-208FD98655EA}.Release|Win32.Build.0 = Release|Win32
		{74639485-16D8-43B9-BB74-208FD98655EA}.Release|x64.ActiveCfg = Release|x64
		{74639485-16D8-43B9-BB74-208FD98655EA}.Release|x64.Build.0 = Release|x64
		{FA632DF0-2E9D-474E-83DF-D756036A547E}.Debug|Win32.ActiveCfg = Debug|Win32
		{FA632DF0-2E9D-474E-83DF-D756036A547E}.Debug|Win32.Build.0 = Debug|Win32
		{FA632DF0-2E9D-474E-83DF-D756036A547E}.Debug|x64.ActiveCfg = Debug|x64
		{FA632DF0-2E9D-474E-83DF-D756036A547E}.Debug|x64.Build.0 = Debug|x64
		{FA632DF0-2E9D-474E-83DF-D756036A547E}.Release|Win32.ActiveCfg = Release|Win32
		{FA632DF0-2E9D-474E-83DF-D756036A547E}.Release|Win32.Build.0 = Release|Win32
		{FA632DF0-2E9D-474E-83DF-D756036A547E}.Release|x64.ActiveCfg = Release|x64
		{FA632DF0-2E9D-474E-83DF-D756036A547E}.Release|x64.Build.0 = Release|x64
		{C658620F-8EE6-4C30-9DBB-3B1C17B1C1DB}.Debug|Win32.ActiveCfg = Debug|Win32
		{C658620F-8EE6-4C30-9DBB-3B1C17B1C1DB}.Debug|Win32.Build.0 = Debug|Win32
		{C658620F-8EE6-4C30-9DBB-3B1C17B1C1DB}.Debug|x64.ActiveCfg = Debug|x64
		{C658620F-8EE6-4C30-9DBB-3B1C17B1C1DB}.Debug|x64.Build.0 = Debug|x64
		{C658620F-8EE6-4C30-9DBB-3B1C17B1C1DB}.Release|Win32.ActiveCfg = Release|Win32
		{C658620F-8EE6-4C30-9DBB-3B1C17B1C1DB}.Release|Win32.Build.0 = Release|Win32
		{C658620F-8EE6-4C30-9DBB-3B1C17B1C1DB}.Release|x64.ActiveCfg = Release|x64
		{C658620F-8EE6-4C30-9DBB-3B1C17B1C1DB}.Release|x64.Build.0 = Release|x64
		{6470A93F-742A-429D-A7FD-6EA700F82846}.Debug|Win32.ActiveCfg = Debug|Win32
		{6470A93F-742A-429D-A7FD-6EA700F82846}.Debug|Win32.Build.0 = Debug|Win32
		{6470A93F-742A-429D-A7FD-6EA700F82846}.Debug|x64.ActiveCfg = Debug|x64
		{6470A93F-742A-429D-A7FD-6EA700F82846}.Debug|x64.Build.0 = Debug|x64
		{6470A93F-742A-429D-A7FD-6EA700F82846}.Release|Win32.ActiveCfg = Release|Win32
		{6470A93F-742A-429D-A7FD-6EA700F82846}.Release|Win32.Build.0 = Release|Win32
		{6470A93F-742A-429D-A7FD-6EA700F82846}.Release|x64.ActiveCfg = Release|x64
		{6470A93F-742A-429D-A7FD-6EA700F82846}.Release|x64.Build.0 = Release|x64
		{F57AE3C7-1EC1-436D-95F2-FFDC14637672}.Debug|Win32.ActiveCfg = Debug|Win32
		{F57AE3C7-1EC1-436D-95F2-FFDC14637672}.Debug|Win32.Build.0 = Debug|Win32
		{F57AE3C7-1EC1-436D-95F2-FFDC14637672}.Debug|x64.ActiveCfg = Debug|x64
		{F57AE3C7-1EC1-436D-95F2-FFDC14637672}.Debug|x64.Build.0 = Debug|x64
		{F57AE3C7-1EC1-436D-95F2-FFDC14637672}.Release|Win32.ActiveCfg = Release|Win32
		{F57AE3C7-1EC1-436D-95F2-FFDC14637672}.Release|Win32.Build.0 = Release|Win32
		{F57AE3C7-1EC1-436D-95F2-FFDC14637672}.Release|x64.ActiveCfg = Release|x64
		{F57AE3C7-1EC1-436D-95F2-FFDC14637672}.Release|x64.Build.0 = Release|x64
		{9C958451-8F2E-48E2-BD8F-6BDD56914F50}.Debug|Win32.ActiveCfg = Debug|Win32
		{9C958451-8F2E-48E2-BD8F-6BDD56914F50}.Debug|Win32.Build.0 = Debug|Win32
		{9C958451-8F2E-48E2-BD8F-6BDD56914F50}.Debug|x64.ActiveCfg = Debug|x64
		{9C958451-8F2E-48E2-BD8F-6BDD56914F50}.Debug|x64.Build.0 = Debug|x64
		{9C958451-8F2E-48E2-BD8F-6BDD56914F50}.Release|Win32.ActiveCfg = Release|Win32
		{9C958451-8F2E-48E2-BD8F-6BDD56914F50}.Release|Win32.Build.0 = Release|Win32
		{9C958451-8F2E-48E2-BD8F-6BDD56914F50}.Release|x64.ActiveCfg = Release|x64
		{9C958451-8F2E-48E2-BD8F-6BDD56914F50}.Release|x64.Build.0 = Release|x64
		{AF4642C7-70A1-41AB-B2CB-11AF05CC74B4}.Debug|Win32.ActiveCfg = Debug|Win32
		{AF4642C7-70A1-41AB-B2CB-11AF05CC74B4}.Debug|Win32.Build.0 = Debug|Win32
		{AF4642C7-70A1-41AB-B2CB-11AF05CC74B4}.Debug|x64.ActiveCfg = Debug|x64
		{AF4642C7-70A1-41AB-B2CB-11AF05CC74B4}.Debug|x64.Build.0 = Debug|x64
		{AF4642C7-70A1-41AB-B2CB-11AF05CC74B4}.Release|Win32.ActiveCfg = Release|Win32
		{AF4642C7-70A1-41AB-B2CB-11AF05CC74B4}.Release|Win32.Build.0 = Release|Win32
		{AF4642C7-70A1-41AB-B2CB-11AF05CC74B4}.Release|x64.ActiveCfg = Release|x64
		{AF4642C7-70A1-41AB-B2CB-11AF05CC74B4}.Release|x64.Build.0 = Release|x64
		{DCE19DAF-69AC-46DB-B14A-39F0FAA5DB74}.Debug|Win32.ActiveCfg = Debug|Win32
		{DCE19DAF-69AC-46DB-B14A-39F0FAA5DB74}.Debug|Win32.Build.0 = Debug|Win32
		{DCE19DAF-69AC-46DB-B14A-39F0FAA5DB74}.Debug|x64.ActiveCfg = Debug|x64
		{DCE19DAF-69AC-46DB-B14A-39F0FAA5DB74}.Debug|x64.Build.0 = Debug|x64
		{DCE19DAF-69AC-46DB-B14A-39F0FAA5DB74}.Release|Win32.ActiveCfg = Release|Win32
		{DCE19DAF-69AC-46DB-B14A-39F0FAA5DB74}.Release|Win32.Build.0 = Release|Win32
		{DCE19DAF-69AC-46DB-B14A-39F0FAA5DB74}.Release|x64.ActiveCfg = Release|x64
		{DCE19DAF-69AC-46DB-B14A-39F0FAA5DB74}.Release|x64.Build.0 = Release|x64
		{D99A39D8-C008-4275-8814-C6C6F10D8C2E}.Debug|Win32.ActiveCfg = Debug|Win32
		{D99A39D8-C008-4275-8814-C6C6F10D8C2E}.Debug|Win32.Build.0 = Debug|Win32
		{D99A39D8-C008-4275-8814-C6C6F10D8C2E}.Debug|x64.ActiveCfg = Debug|x64
		{D99A39D8-C008-4275-8814-C6C6F10D8C2E}.Debug|x64.Build.0 = Debug|x64
		{D99A39D8-C008-4275-8814-C6C6F10D8C2E}.Release|Win32.ActiveCfg = Release|Win32
		{D99A39D8-C008-4275-8814-C6C6F10D8C2E}.Release|Win32.Build.0 = Release|Win32
		{D99A39D8-C008-4275-8814-C6C6F10D8C2E}.Release|x64.ActiveCfg = Release|x64
		{D99A39D8-C008-4275-8814-C6C6F10D8C2E}.Release|x64.Build.0 = Release|x64
		{94864FB0-06D5-4B8F-8482-BCD2128AFCAA}.Debug|Win32.ActiveCfg = Debug|Win32
		{94864FB0-06D5-4B8F-8482-BCD2128AFCAA}.Debug|Win32.Build.0 = Debug|Win32
		{94864FB0-06D5-4B8F-8482-BCD2128AFCAA}.Debug|x64.ActiveCfg = Debug|x64
		{94864FB0-06D5-4B8F-8482-BCD2128AFCAA}.Debug|x64.Build.0 = Debug|x64
		{94864FB0-06D5-4B8F-8482-BCD2128AFCAA}.Release|Win32.ActiveCfg = Release|Win32
		{94864FB0-06D5-4B8F-8482-BCD2128AFCAA}.Release|Win32.Build.0 = Release|Win32
		{94864FB0-06D5-4B8F-8482-BCD2128AFCAA}.Release|x64.ActiveCfg = Release|x64
		{94864FB0-06D5-4B8F-8482-BCD2128AFCAA}.Release|x64.Build.0 = Release|x64
		{B6669382-7F21-42E4-9023-462F9018F865}.Debug|Win32.ActiveCfg = Debug|Win32
		{B6669382-7F21-42E4-9023-462F9018F865}.Debug|Win32.Build.0 = Debug|Win32
		{B6669382-7F21-42E4-9023-462F9018F865}.Debug|x64.ActiveCfg = Debug|x64
		{B6669382-7F21-42E4-9023-462F9018F865}.Debug|x64.Build.0 = Debug|x64
		{B6669382-7F21-42E4-9023-462F9018F865}.Release|Win32.ActiveCfg = Release|Win32
		{B6669382-7F21-42E4-9023-462F9018F865}.Release|Win32.Build.0 = Release|Win32
		{B6669382-7F21-42E4-9023-462F9018F865}.Release|x64.ActiveCfg = Release|x64
		{B6669382-7F21-42E4-9023-462F9018F865}.Release|x64.Build.0 = Release|x64
		{CC5E64ED-B830-4248-A287-E59B0712068C}.Debug|Win32.ActiveCfg = Debug|Win32
		{CC5E64ED-B830-4248-A287-E59B0712068C}.Debug|Win32.Build.0 = Debug|Win32
		{CC5E64ED-B830-4248-A287-E59B0712068C}.Debug|x64.ActiveCfg = Debug|x64
		{CC5E64ED-B830-4248-A287-E59B0712068C}.Debug|x64.Build.0 = Debug|x64
		{CC5E64ED-B830-4248-A287-E59B0712068C}.Release|Win32.ActiveCfg = Release|Win32
		{CC5E64ED-B830-4248-A287-E59B0712068C}.Release|Win32.Build.0 = Release|Win32
		{CC5E64ED-B830-4248-A287-E59B0712068C}.Release|x64.ActiveCfg = Release|x64
		{CC5E64ED-B830-4248-A287-E59B0712068C}.Release|x64.Build.0 = Release|x64
	EndGlobalSection
	GlobalSection(SolutionProperties) = preSolution
		HideSolutionNode = FALSE
	EndGlobalSection
EndGlobal
