<?xml version="1.0" encoding="utf-8"?>
<Project ToolsVersion="4.0" xmlns="http://schemas.microsoft.com/developer/msbuild/2003">
  <ItemGroup>
    <Filter Include="Source Files">
      <UniqueIdentifier>{4FC737F1-C7A5-4376-A066-2A32D752A2FF}</UniqueIdentifier>
      <Extensions>cpp;c;cc;cxx;def;odl;idl;hpj;bat;asm;asmx</Extensions>
    </Filter>
    <Filter Include="Header Files">
      <UniqueIdentifier>{93995380-89BD-4b04-88EB-625FBE52EBFB}</UniqueIdentifier>
      <Extensions>h;hpp;hxx;hm;inl;inc;xsd</Extensions>
    </Filter>
    <Filter Include="Resource Files">
      <UniqueIdentifier>{67DA6AB6-F800-4c08-8B7A-83BB121AAD01}</UniqueIdentifier>
      <Extensions>rc;ico;cur;bmp;dlg;rc2;rct;bin;rgs;gif;jpg;jpeg;jpe;resx;tiff;tif;png;wav</Extensions>
    </Filter>
  </ItemGroup>
  <ItemGroup>
    <ClCompile Include="..\gstreamer\win32\common\dirent.c">
      <Filter>Source Files</Filter>
    </ClCompile>
    <ClCompile Include="..\gstreamer\gst\gst.c">
      <Filter>Source Files</Filter>
    </ClCompile>
    <ClCompile Include="..\gstreamer\gst\gstbin.c">
      <Filter>Source Files</Filter>
    </ClCompile>
    <ClCompile Include="..\gstreamer\gst\gstbuffer.c">
      <Filter>Source Files</Filter>
    </ClCompile>
    <ClCompile Include="..\gstreamer\gst\gstbufferlist.c">
      <Filter>Source Files</Filter>
    </ClCompile>
    <ClCompile Include="..\gstreamer\gst\gstbus.c">
      <Filter>Source Files</Filter>
    </ClCompile>
    <ClCompile Include="..\gstreamer\gst\gstcaps.c">
      <Filter>Source Files</Filter>
    </ClCompile>
    <ClCompile Include="..\gstreamer\gst\gstchildproxy.c">
      <Filter>Source Files</Filter>
    </ClCompile>
    <ClCompile Include="..\gstreamer\gst\gstclock.c">
      <Filter>Source Files</Filter>
    </ClCompile>
    <ClCompile Include="..\gstreamer\gst\gstdebugutils.c">
      <Filter>Source Files</Filter>
    </ClCompile>
    <ClCompile Include="..\gstreamer\gst\gstelement.c">
      <Filter>Source Files</Filter>
    </ClCompile>
    <ClCompile Include="..\gstreamer\gst\gstelementfactory.c">
      <Filter>Source Files</Filter>
    </ClCompile>
    <ClCompile Include="..\gstreamer\gst\gstenumtypes.c">
      <Filter>Source Files</Filter>
    </ClCompile>
    <ClCompile Include="..\gstreamer\gst\gsterror.c">
      <Filter>Source Files</Filter>
    </ClCompile>
    <ClCompile Include="..\gstreamer\gst\gstevent.c">
      <Filter>Source Files</Filter>
    </ClCompile>
    <ClCompile Include="..\gstreamer\gst\gstfilter.c">
      <Filter>Source Files</Filter>
    </ClCompile>
    <ClCompile Include="..\gstreamer\gst\gstformat.c">
      <Filter>Source Files</Filter>
    </ClCompile>
    <ClCompile Include="..\gstreamer\gst\gstghostpad.c">
      <Filter>Source Files</Filter>
    </ClCompile>
    <ClCompile Include="..\gstreamer\gst\gstindex.c">
      <Filter>Source Files</Filter>
    </ClCompile>
    <ClCompile Include="..\gstreamer\gst\gstindexfactory.c">
      <Filter>Source Files</Filter>
    </ClCompile>
    <ClCompile Include="..\gstreamer\gst\gstinfo.c">
      <Filter>Source Files</Filter>
    </ClCompile>
    <ClCompile Include="..\gstreamer\gst\gstinterface.c">
      <Filter>Source Files</Filter>
    </ClCompile>
    <ClCompile Include="..\gstreamer\gst\gstiterator.c">
      <Filter>Source Files</Filter>
    </ClCompile>
    <ClCompile Include="..\gstreamer\gst\gstmarshal.c">
      <Filter>Source Files</Filter>
    </ClCompile>
    <ClCompile Include="..\gstreamer\gst\gstmessage.c">
      <Filter>Source Files</Filter>
    </ClCompile>
    <ClCompile Include="..\gstreamer\gst\gstminiobject.c">
      <Filter>Source Files</Filter>
    </ClCompile>
    <ClCompile Include="..\gstreamer\gst\gstobject.c">
      <Filter>Source Files</Filter>
    </ClCompile>
    <ClCompile Include="..\gstreamer\gst\gstpad.c">
      <Filter>Source Files</Filter>
    </ClCompile>
    <ClCompile Include="..\gstreamer\gst\gstpadtemplate.c">
      <Filter>Source Files</Filter>
    </ClCompile>
    <ClCompile Include="..\gstreamer\gst\gstparamspecs.c">
      <Filter>Source Files</Filter>
    </ClCompile>
    <ClCompile Include="..\gstreamer\gst\gstpipeline.c">
      <Filter>Source Files</Filter>
    </ClCompile>
    <ClCompile Include="..\gstreamer\gst\gstplugin.c">
      <Filter>Source Files</Filter>
    </ClCompile>
    <ClCompile Include="..\gstreamer\gst\gstpluginfeature.c">
      <Filter>Source Files</Filter>
    </ClCompile>
    <ClCompile Include="..\gstreamer\gst\gstpoll.c">
      <Filter>Source Files</Filter>
    </ClCompile>
    <ClCompile Include="..\gstreamer\gst\gstquark.c">
      <Filter>Source Files</Filter>
    </ClCompile>
    <ClCompile Include="..\gstreamer\gst\gstquery.c">
      <Filter>Source Files</Filter>
    </ClCompile>
    <ClCompile Include="..\gstreamer\gst\gstregistry.c">
      <Filter>Source Files</Filter>
    </ClCompile>
    <ClCompile Include="..\gstreamer\gst\gstregistrybinary.c">
      <Filter>Source Files</Filter>
    </ClCompile>
    <ClCompile Include="..\gstreamer\gst\gstsegment.c">
      <Filter>Source Files</Filter>
    </ClCompile>
    <ClCompile Include="..\gstreamer\gst\gststructure.c">
      <Filter>Source Files</Filter>
    </ClCompile>
    <ClCompile Include="..\gstreamer\gst\gstsystemclock.c">
      <Filter>Source Files</Filter>
    </ClCompile>
    <ClCompile Include="..\gstreamer\gst\gsttaglist.c">
      <Filter>Source Files</Filter>
    </ClCompile>
    <ClCompile Include="..\gstreamer\gst\gsttagsetter.c">
      <Filter>Source Files</Filter>
    </ClCompile>
    <ClCompile Include="..\gstreamer\gst\gsttask.c">
      <Filter>Source Files</Filter>
    </ClCompile>
    <ClCompile Include="..\gstreamer\gst\gsttaskpool.c">
      <Filter>Source Files</Filter>
    </ClCompile>
    <ClCompile Include="..\gstreamer\gst\gsttrace.c">
      <Filter>Source Files</Filter>
    </ClCompile>
    <ClCompile Include="..\gstreamer\gst\gsttypefind.c">
      <Filter>Source Files</Filter>
    </ClCompile>
    <ClCompile Include="..\gstreamer\gst\gsttypefindfactory.c">
      <Filter>Source Files</Filter>
    </ClCompile>
    <ClCompile Include="..\gstreamer\gst\gsturi.c">
      <Filter>Source Files</Filter>
    </ClCompile>
    <ClCompile Include="..\gstreamer\gst\gstutils.c">
      <Filter>Source Files</Filter>
    </ClCompile>
    <ClCompile Include="..\gstreamer\gst\gstvalue.c">
      <Filter>Source Files</Filter>
    </ClCompile>
  </ItemGroup>
  <ItemGroup>
    <glib_genmarshal Include="..\gstreamer\gst\gstmarshal.list">
      <Filter>Resource Files</Filter>
    </glib_genmarshal>
  </ItemGroup>
</Project>